// !$*UTF8*$!
{
	archiveVersion = 1;
	classes = {
	};
	objectVersion = 55;
	objects = {

/* Begin PBXBuildFile section */
		A9CEF25F28F0055300F454BE /* Assets.xcassets in Resources */ = {isa = PBXBuildFile; fileRef = A9CEF25328F0055300F454BE /* Assets.xcassets */; };
		A9CEF26028F0055300F454BE /* ToyMovieListApp.swift in Sources */ = {isa = PBXBuildFile; fileRef = A9CEF25428F0055300F454BE /* ToyMovieListApp.swift */; };
		A9CEF26128F0055300F454BE /* Preview Assets.xcassets in Resources */ = {isa = PBXBuildFile; fileRef = A9CEF25628F0055300F454BE /* Preview Assets.xcassets */; };
		A9CEF26228F0055300F454BE /* Movie.swift in Sources */ = {isa = PBXBuildFile; fileRef = A9CEF25928F0055300F454BE /* Movie.swift */; };
		A9CEF26328F0055300F454BE /* NetworkResponse.swift in Sources */ = {isa = PBXBuildFile; fileRef = A9CEF25A28F0055300F454BE /* NetworkResponse.swift */; };
		A9CEF26428F0055300F454BE /* Page.swift in Sources */ = {isa = PBXBuildFile; fileRef = A9CEF25B28F0055300F454BE /* Page.swift */; };
		A9CEF26528F0055300F454BE /* ContentView.swift in Sources */ = {isa = PBXBuildFile; fileRef = A9CEF25D28F0055300F454BE /* ContentView.swift */; };
		A9CEF26928F005C100F454BE /* Date+.swift in Sources */ = {isa = PBXBuildFile; fileRef = A9CEF26828F005C100F454BE /* Date+.swift */; };
		A9CEF26F28F0065700F454BE /* API.swift in Sources */ = {isa = PBXBuildFile; fileRef = A9CEF26E28F0065700F454BE /* API.swift */; };
		A9CEF27328F0069D00F454BE /* NetworkRequest.swift in Sources */ = {isa = PBXBuildFile; fileRef = A9CEF27228F0069D00F454BE /* NetworkRequest.swift */; };
		A9CEF27A28F00C4300F454BE /* MockAPI.swift in Sources */ = {isa = PBXBuildFile; fileRef = A9CEF27928F00C4300F454BE /* MockAPI.swift */; };
		A9CEF27C28F00C4E00F454BE /* MockNetworkRequest.swift in Sources */ = {isa = PBXBuildFile; fileRef = A9CEF27B28F00C4E00F454BE /* MockNetworkRequest.swift */; };
		A9CEF28028F0123B00F454BE /* NetworkRequestTests.swift in Sources */ = {isa = PBXBuildFile; fileRef = A9CEF27F28F0123B00F454BE /* NetworkRequestTests.swift */; };
		A9CEF28228F0146200F454BE /* APITests.swift in Sources */ = {isa = PBXBuildFile; fileRef = A9CEF28128F0146200F454BE /* APITests.swift */; };
		A9CEF28428F017F500F454BE /* DailyBoxOfficeListModel.swift in Sources */ = {isa = PBXBuildFile; fileRef = A9CEF28328F017F400F454BE /* DailyBoxOfficeListModel.swift */; };
		A9CEF28D28F01DEE00F454BE /* DailyBoxOfficeListModelTests.swift in Sources */ = {isa = PBXBuildFile; fileRef = A9CEF28C28F01DEE00F454BE /* DailyBoxOfficeListModelTests.swift */; };
		A9EA7B3228EC206B0030F0A4 /* Entity.json in Resources */ = {isa = PBXBuildFile; fileRef = A9EA7B2D28EC206B0030F0A4 /* Entity.json */; };
		A9EA7B3328EC206B0030F0A4 /* EntityDecodingTests.swift in Sources */ = {isa = PBXBuildFile; fileRef = A9EA7B2E28EC206B0030F0A4 /* EntityDecodingTests.swift */; };
		A9EA7B3428EC206B0030F0A4 /* ToyMovieListTests.swift in Sources */ = {isa = PBXBuildFile; fileRef = A9EA7B2F28EC206B0030F0A4 /* ToyMovieListTests.swift */; };
		A9EA7B3528EC206B0030F0A4 /* XCTTestCase.swift in Sources */ = {isa = PBXBuildFile; fileRef = A9EA7B3128EC206B0030F0A4 /* XCTTestCase.swift */; };
/* End PBXBuildFile section */

/* Begin PBXContainerItemProxy section */
		A97AC50E28E6E6C700C7FF09 /* PBXContainerItemProxy */ = {
			isa = PBXContainerItemProxy;
			containerPortal = A97AC4F528E6E6C500C7FF09 /* Project object */;
			proxyType = 1;
			remoteGlobalIDString = A97AC4FC28E6E6C500C7FF09;
			remoteInfo = ToyMovieList;
		};
/* End PBXContainerItemProxy section */

/* Begin PBXFileReference section */
		A97AC4FD28E6E6C500C7FF09 /* ToyMovieList.app */ = {isa = PBXFileReference; explicitFileType = wrapper.application; includeInIndex = 0; path = ToyMovieList.app; sourceTree = BUILT_PRODUCTS_DIR; };
		A97AC50D28E6E6C700C7FF09 /* ToyMovieListTests.xctest */ = {isa = PBXFileReference; explicitFileType = wrapper.cfbundle; includeInIndex = 0; path = ToyMovieListTests.xctest; sourceTree = BUILT_PRODUCTS_DIR; };
		A9CEF25328F0055300F454BE /* Assets.xcassets */ = {isa = PBXFileReference; lastKnownFileType = folder.assetcatalog; path = Assets.xcassets; sourceTree = "<group>"; };
		A9CEF25428F0055300F454BE /* ToyMovieListApp.swift */ = {isa = PBXFileReference; fileEncoding = 4; lastKnownFileType = sourcecode.swift; path = ToyMovieListApp.swift; sourceTree = "<group>"; };
		A9CEF25628F0055300F454BE /* Preview Assets.xcassets */ = {isa = PBXFileReference; lastKnownFileType = folder.assetcatalog; path = "Preview Assets.xcassets"; sourceTree = "<group>"; };
		A9CEF25928F0055300F454BE /* Movie.swift */ = {isa = PBXFileReference; fileEncoding = 4; lastKnownFileType = sourcecode.swift; path = Movie.swift; sourceTree = "<group>"; };
		A9CEF25A28F0055300F454BE /* NetworkResponse.swift */ = {isa = PBXFileReference; fileEncoding = 4; lastKnownFileType = sourcecode.swift; path = NetworkResponse.swift; sourceTree = "<group>"; };
		A9CEF25B28F0055300F454BE /* Page.swift */ = {isa = PBXFileReference; fileEncoding = 4; lastKnownFileType = sourcecode.swift; path = Page.swift; sourceTree = "<group>"; };
		A9CEF25D28F0055300F454BE /* ContentView.swift */ = {isa = PBXFileReference; fileEncoding = 4; lastKnownFileType = sourcecode.swift; path = ContentView.swift; sourceTree = "<group>"; };
		A9CEF26828F005C100F454BE /* Date+.swift */ = {isa = PBXFileReference; lastKnownFileType = sourcecode.swift; path = "Date+.swift"; sourceTree = "<group>"; };
		A9CEF26E28F0065700F454BE /* API.swift */ = {isa = PBXFileReference; lastKnownFileType = sourcecode.swift; path = API.swift; sourceTree = "<group>"; };
		A9CEF27228F0069D00F454BE /* NetworkRequest.swift */ = {isa = PBXFileReference; lastKnownFileType = sourcecode.swift; path = NetworkRequest.swift; sourceTree = "<group>"; };
		A9CEF27928F00C4300F454BE /* MockAPI.swift */ = {isa = PBXFileReference; lastKnownFileType = sourcecode.swift; path = MockAPI.swift; sourceTree = "<group>"; };
		A9CEF27B28F00C4E00F454BE /* MockNetworkRequest.swift */ = {isa = PBXFileReference; lastKnownFileType = sourcecode.swift; path = MockNetworkRequest.swift; sourceTree = "<group>"; };
		A9CEF27F28F0123B00F454BE /* NetworkRequestTests.swift */ = {isa = PBXFileReference; lastKnownFileType = sourcecode.swift; path = NetworkRequestTests.swift; sourceTree = "<group>"; };
		A9CEF28128F0146200F454BE /* APITests.swift */ = {isa = PBXFileReference; lastKnownFileType = sourcecode.swift; path = APITests.swift; sourceTree = "<group>"; };
		A9CEF28328F017F400F454BE /* DailyBoxOfficeListModel.swift */ = {isa = PBXFileReference; fileEncoding = 4; lastKnownFileType = sourcecode.swift; path = DailyBoxOfficeListModel.swift; sourceTree = "<group>"; };
		A9CEF28C28F01DEE00F454BE /* DailyBoxOfficeListModelTests.swift */ = {isa = PBXFileReference; fileEncoding = 4; lastKnownFileType = sourcecode.swift; path = DailyBoxOfficeListModelTests.swift; sourceTree = "<group>"; };
		A9EA7B2D28EC206B0030F0A4 /* Entity.json */ = {isa = PBXFileReference; fileEncoding = 4; lastKnownFileType = text.json; path = Entity.json; sourceTree = "<group>"; };
		A9EA7B2E28EC206B0030F0A4 /* EntityDecodingTests.swift */ = {isa = PBXFileReference; fileEncoding = 4; lastKnownFileType = sourcecode.swift; path = EntityDecodingTests.swift; sourceTree = "<group>"; };
		A9EA7B2F28EC206B0030F0A4 /* ToyMovieListTests.swift */ = {isa = PBXFileReference; fileEncoding = 4; lastKnownFileType = sourcecode.swift; path = ToyMovieListTests.swift; sourceTree = "<group>"; };
		A9EA7B3128EC206B0030F0A4 /* XCTTestCase.swift */ = {isa = PBXFileReference; fileEncoding = 4; lastKnownFileType = sourcecode.swift; path = XCTTestCase.swift; sourceTree = "<group>"; };
/* End PBXFileReference section */

/* Begin PBXFrameworksBuildPhase section */
		A97AC4FA28E6E6C500C7FF09 /* Frameworks */ = {
			isa = PBXFrameworksBuildPhase;
			buildActionMask = 2147483647;
			files = (
			);
			runOnlyForDeploymentPostprocessing = 0;
		};
		A97AC50A28E6E6C700C7FF09 /* Frameworks */ = {
			isa = PBXFrameworksBuildPhase;
			buildActionMask = 2147483647;
			files = (
			);
			runOnlyForDeploymentPostprocessing = 0;
		};
/* End PBXFrameworksBuildPhase section */

/* Begin PBXGroup section */
		A97AC4F428E6E6C500C7FF09 = {
			isa = PBXGroup;
			children = (
				A9CEF25228F0055300F454BE /* ToyMovieList */,
				A97AC51028E6E6C700C7FF09 /* ToyMovieListTests */,
				A97AC4FE28E6E6C500C7FF09 /* Products */,
			);
			sourceTree = "<group>";
		};
		A97AC4FE28E6E6C500C7FF09 /* Products */ = {
			isa = PBXGroup;
			children = (
				A97AC4FD28E6E6C500C7FF09 /* ToyMovieList.app */,
				A97AC50D28E6E6C700C7FF09 /* ToyMovieListTests.xctest */,
			);
			name = Products;
			sourceTree = "<group>";
		};
		A97AC51028E6E6C700C7FF09 /* ToyMovieListTests */ = {
			isa = PBXGroup;
			children = (
				A9EA7B2F28EC206B0030F0A4 /* ToyMovieListTests.swift */,
				A9CEF27628F00C2000F454BE /* Network */,
				A9EA7B3028EC206B0030F0A4 /* Extension */,
				A9EA7B2C28EC206B0030F0A4 /* Model */,
			);
			path = ToyMovieListTests;
			sourceTree = "<group>";
		};
		A9CEF25228F0055300F454BE /* ToyMovieList */ = {
			isa = PBXGroup;
			children = (
				A9CEF25528F0055300F454BE /* Preview Content */,
				A9CEF25328F0055300F454BE /* Assets.xcassets */,
				A9CEF25428F0055300F454BE /* ToyMovieListApp.swift */,
				A9CEF26C28F0063700F454BE /* Util */,
				A9CEF26728F005B200F454BE /* Extension */,
				A9CEF25728F0055300F454BE /* Model */,
				A9CEF25C28F0055300F454BE /* View */,
			);
			path = ToyMovieList;
			sourceTree = "<group>";
		};
		A9CEF25528F0055300F454BE /* Preview Content */ = {
			isa = PBXGroup;
			children = (
				A9CEF25628F0055300F454BE /* Preview Assets.xcassets */,
			);
			path = "Preview Content";
			sourceTree = "<group>";
		};
		A9CEF25728F0055300F454BE /* Model */ = {
			isa = PBXGroup;
			children = (
				A9CEF28328F017F400F454BE /* DailyBoxOfficeListModel.swift */,
				A9CEF25828F0055300F454BE /* Entity */,
			);
			path = Model;
			sourceTree = "<group>";
		};
		A9CEF25828F0055300F454BE /* Entity */ = {
			isa = PBXGroup;
			children = (
				A9CEF25928F0055300F454BE /* Movie.swift */,
				A9CEF25A28F0055300F454BE /* NetworkResponse.swift */,
				A9CEF25B28F0055300F454BE /* Page.swift */,
			);
			path = Entity;
			sourceTree = "<group>";
		};
		A9CEF25C28F0055300F454BE /* View */ = {
			isa = PBXGroup;
			children = (
				A9CEF25D28F0055300F454BE /* ContentView.swift */,
			);
			path = View;
			sourceTree = "<group>";
		};
		A9CEF26728F005B200F454BE /* Extension */ = {
			isa = PBXGroup;
			children = (
				A9CEF26828F005C100F454BE /* Date+.swift */,
			);
			path = Extension;
			sourceTree = "<group>";
		};
		A9CEF26C28F0063700F454BE /* Util */ = {
			isa = PBXGroup;
			children = (
				A9CEF26D28F0064100F454BE /* Network */,
			);
			path = Util;
			sourceTree = "<group>";
		};
		A9CEF26D28F0064100F454BE /* Network */ = {
			isa = PBXGroup;
			children = (
				A9CEF26E28F0065700F454BE /* API.swift */,
				A9CEF27228F0069D00F454BE /* NetworkRequest.swift */,
			);
			path = Network;
			sourceTree = "<group>";
		};
		A9CEF27628F00C2000F454BE /* Network */ = {
			isa = PBXGroup;
			children = (
				A9CEF27728F00C2900F454BE /* Mock */,
				A9CEF27F28F0123B00F454BE /* NetworkRequestTests.swift */,
				A9CEF28128F0146200F454BE /* APITests.swift */,
			);
			path = Network;
			sourceTree = "<group>";
		};
		A9CEF27728F00C2900F454BE /* Mock */ = {
			isa = PBXGroup;
			children = (
				A9CEF27928F00C4300F454BE /* MockAPI.swift */,
				A9CEF27B28F00C4E00F454BE /* MockNetworkRequest.swift */,
			);
			path = Mock;
			sourceTree = "<group>";
		};
		A9CEF28B28F01D1F00F454BE /* Entity */ = {
			isa = PBXGroup;
			children = (
				A9EA7B2D28EC206B0030F0A4 /* Entity.json */,
				A9EA7B2E28EC206B0030F0A4 /* EntityDecodingTests.swift */,
			);
			path = Entity;
			sourceTree = "<group>";
		};
		A9EA7B2C28EC206B0030F0A4 /* Model */ = {
			isa = PBXGroup;
			children = (
				A9CEF28C28F01DEE00F454BE /* DailyBoxOfficeListModelTests.swift */,
				A9CEF28B28F01D1F00F454BE /* Entity */,
			);
			path = Model;
			sourceTree = "<group>";
		};
		A9EA7B3028EC206B0030F0A4 /* Extension */ = {
			isa = PBXGroup;
			children = (
				A9EA7B3128EC206B0030F0A4 /* XCTTestCase.swift */,
			);
			path = Extension;
			sourceTree = "<group>";
		};
/* End PBXGroup section */

/* Begin PBXNativeTarget section */
		A97AC4FC28E6E6C500C7FF09 /* ToyMovieList */ = {
			isa = PBXNativeTarget;
			buildConfigurationList = A97AC52128E6E6C700C7FF09 /* Build configuration list for PBXNativeTarget "ToyMovieList" */;
			buildPhases = (
				A97AC4F928E6E6C500C7FF09 /* Sources */,
				A97AC4FA28E6E6C500C7FF09 /* Frameworks */,
				A97AC4FB28E6E6C500C7FF09 /* Resources */,
			);
			buildRules = (
			);
			dependencies = (
			);
			name = ToyMovieList;
			productName = ToyMovieList;
			productReference = A97AC4FD28E6E6C500C7FF09 /* ToyMovieList.app */;
			productType = "com.apple.product-type.application";
		};
		A97AC50C28E6E6C700C7FF09 /* ToyMovieListTests */ = {
			isa = PBXNativeTarget;
			buildConfigurationList = A97AC52428E6E6C700C7FF09 /* Build configuration list for PBXNativeTarget "ToyMovieListTests" */;
			buildPhases = (
				A97AC50928E6E6C700C7FF09 /* Sources */,
				A97AC50A28E6E6C700C7FF09 /* Frameworks */,
				A97AC50B28E6E6C700C7FF09 /* Resources */,
			);
			buildRules = (
			);
			dependencies = (
				A97AC50F28E6E6C700C7FF09 /* PBXTargetDependency */,
			);
			name = ToyMovieListTests;
			productName = ToyMovieListTests;
			productReference = A97AC50D28E6E6C700C7FF09 /* ToyMovieListTests.xctest */;
			productType = "com.apple.product-type.bundle.unit-test";
		};
/* End PBXNativeTarget section */

/* Begin PBXProject section */
		A97AC4F528E6E6C500C7FF09 /* Project object */ = {
			isa = PBXProject;
			attributes = {
				BuildIndependentTargetsInParallel = 1;
				LastSwiftUpdateCheck = 1340;
				LastUpgradeCheck = 1340;
				TargetAttributes = {
					A97AC4FC28E6E6C500C7FF09 = {
						CreatedOnToolsVersion = 13.4.1;
					};
					A97AC50C28E6E6C700C7FF09 = {
						CreatedOnToolsVersion = 13.4.1;
						LastSwiftMigration = 1340;
						TestTargetID = A97AC4FC28E6E6C500C7FF09;
					};
				};
			};
			buildConfigurationList = A97AC4F828E6E6C500C7FF09 /* Build configuration list for PBXProject "ToyMovieList" */;
			compatibilityVersion = "Xcode 13.0";
			developmentRegion = en;
			hasScannedForEncodings = 0;
			knownRegions = (
				en,
				Base,
			);
			mainGroup = A97AC4F428E6E6C500C7FF09;
			productRefGroup = A97AC4FE28E6E6C500C7FF09 /* Products */;
			projectDirPath = "";
			projectRoot = "";
			targets = (
				A97AC4FC28E6E6C500C7FF09 /* ToyMovieList */,
				A97AC50C28E6E6C700C7FF09 /* ToyMovieListTests */,
			);
		};
/* End PBXProject section */

/* Begin PBXResourcesBuildPhase section */
		A97AC4FB28E6E6C500C7FF09 /* Resources */ = {
			isa = PBXResourcesBuildPhase;
			buildActionMask = 2147483647;
			files = (
				A9CEF26128F0055300F454BE /* Preview Assets.xcassets in Resources */,
				A9CEF25F28F0055300F454BE /* Assets.xcassets in Resources */,
			);
			runOnlyForDeploymentPostprocessing = 0;
		};
		A97AC50B28E6E6C700C7FF09 /* Resources */ = {
			isa = PBXResourcesBuildPhase;
			buildActionMask = 2147483647;
			files = (
				A9EA7B3228EC206B0030F0A4 /* Entity.json in Resources */,
			);
			runOnlyForDeploymentPostprocessing = 0;
		};
/* End PBXResourcesBuildPhase section */

/* Begin PBXSourcesBuildPhase section */
		A97AC4F928E6E6C500C7FF09 /* Sources */ = {
			isa = PBXSourcesBuildPhase;
			buildActionMask = 2147483647;
			files = (
				A9CEF26228F0055300F454BE /* Movie.swift in Sources */,
				A9CEF28428F017F500F454BE /* DailyBoxOfficeListModel.swift in Sources */,
				A9CEF26528F0055300F454BE /* ContentView.swift in Sources */,
				A9CEF26028F0055300F454BE /* ToyMovieListApp.swift in Sources */,
				A9CEF26928F005C100F454BE /* Date+.swift in Sources */,
				A9CEF27328F0069D00F454BE /* NetworkRequest.swift in Sources */,
				A9CEF26428F0055300F454BE /* Page.swift in Sources */,
				A9CEF26328F0055300F454BE /* NetworkResponse.swift in Sources */,
				A9CEF26F28F0065700F454BE /* API.swift in Sources */,
			);
			runOnlyForDeploymentPostprocessing = 0;
		};
		A97AC50928E6E6C700C7FF09 /* Sources */ = {
			isa = PBXSourcesBuildPhase;
			buildActionMask = 2147483647;
			files = (
				A9CEF28228F0146200F454BE /* APITests.swift in Sources */,
				A9CEF28D28F01DEE00F454BE /* DailyBoxOfficeListModelTests.swift in Sources */,
				A9CEF27C28F00C4E00F454BE /* MockNetworkRequest.swift in Sources */,
				A9CEF27A28F00C4300F454BE /* MockAPI.swift in Sources */,
				A9CEF28028F0123B00F454BE /* NetworkRequestTests.swift in Sources */,
				A9EA7B3328EC206B0030F0A4 /* EntityDecodingTests.swift in Sources */,
				A9EA7B3528EC206B0030F0A4 /* XCTTestCase.swift in Sources */,
				A9EA7B3428EC206B0030F0A4 /* ToyMovieListTests.swift in Sources */,
			);
			runOnlyForDeploymentPostprocessing = 0;
		};
/* End PBXSourcesBuildPhase section */

/* Begin PBXTargetDependency section */
		A97AC50F28E6E6C700C7FF09 /* PBXTargetDependency */ = {
			isa = PBXTargetDependency;
			target = A97AC4FC28E6E6C500C7FF09 /* ToyMovieList */;
			targetProxy = A97AC50E28E6E6C700C7FF09 /* PBXContainerItemProxy */;
		};
/* End PBXTargetDependency section */

/* Begin XCBuildConfiguration section */
		A97AC51F28E6E6C700C7FF09 /* Debug */ = {
			isa = XCBuildConfiguration;
			buildSettings = {
				ALWAYS_SEARCH_USER_PATHS = NO;
				CLANG_ANALYZER_NONNULL = YES;
				CLANG_ANALYZER_NUMBER_OBJECT_CONVERSION = YES_AGGRESSIVE;
				CLANG_CXX_LANGUAGE_STANDARD = "gnu++17";
				CLANG_ENABLE_MODULES = YES;
				CLANG_ENABLE_OBJC_ARC = YES;
				CLANG_ENABLE_OBJC_WEAK = YES;
				CLANG_WARN_BLOCK_CAPTURE_AUTORELEASING = YES;
				CLANG_WARN_BOOL_CONVERSION = YES;
				CLANG_WARN_COMMA = YES;
				CLANG_WARN_CONSTANT_CONVERSION = YES;
				CLANG_WARN_DEPRECATED_OBJC_IMPLEMENTATIONS = YES;
				CLANG_WARN_DIRECT_OBJC_ISA_USAGE = YES_ERROR;
				CLANG_WARN_DOCUMENTATION_COMMENTS = YES;
				CLANG_WARN_EMPTY_BODY = YES;
				CLANG_WARN_ENUM_CONVERSION = YES;
				CLANG_WARN_INFINITE_RECURSION = YES;
				CLANG_WARN_INT_CONVERSION = YES;
				CLANG_WARN_NON_LITERAL_NULL_CONVERSION = YES;
				CLANG_WARN_OBJC_IMPLICIT_RETAIN_SELF = YES;
				CLANG_WARN_OBJC_LITERAL_CONVERSION = YES;
				CLANG_WARN_OBJC_ROOT_CLASS = YES_ERROR;
				CLANG_WARN_QUOTED_INCLUDE_IN_FRAMEWORK_HEADER = YES;
				CLANG_WARN_RANGE_LOOP_ANALYSIS = YES;
				CLANG_WARN_STRICT_PROTOTYPES = YES;
				CLANG_WARN_SUSPICIOUS_MOVE = YES;
				CLANG_WARN_UNGUARDED_AVAILABILITY = YES_AGGRESSIVE;
				CLANG_WARN_UNREACHABLE_CODE = YES;
				CLANG_WARN__DUPLICATE_METHOD_MATCH = YES;
				COPY_PHASE_STRIP = NO;
				DEBUG_INFORMATION_FORMAT = dwarf;
				ENABLE_STRICT_OBJC_MSGSEND = YES;
				ENABLE_TESTABILITY = YES;
				GCC_C_LANGUAGE_STANDARD = gnu11;
				GCC_DYNAMIC_NO_PIC = NO;
				GCC_NO_COMMON_BLOCKS = YES;
				GCC_OPTIMIZATION_LEVEL = 0;
				GCC_PREPROCESSOR_DEFINITIONS = (
					"DEBUG=1",
					"$(inherited)",
				);
				GCC_WARN_64_TO_32_BIT_CONVERSION = YES;
				GCC_WARN_ABOUT_RETURN_TYPE = YES_ERROR;
				GCC_WARN_UNDECLARED_SELECTOR = YES;
				GCC_WARN_UNINITIALIZED_AUTOS = YES_AGGRESSIVE;
				GCC_WARN_UNUSED_FUNCTION = YES;
				GCC_WARN_UNUSED_VARIABLE = YES;
				IPHONEOS_DEPLOYMENT_TARGET = 15.0;
				MTL_ENABLE_DEBUG_INFO = INCLUDE_SOURCE;
				MTL_FAST_MATH = YES;
				ONLY_ACTIVE_ARCH = YES;
				SDKROOT = iphoneos;
				SWIFT_ACTIVE_COMPILATION_CONDITIONS = DEBUG;
				SWIFT_OPTIMIZATION_LEVEL = "-Onone";
			};
			name = Debug;
		};
		A97AC52028E6E6C700C7FF09 /* Release */ = {
			isa = XCBuildConfiguration;
			buildSettings = {
				ALWAYS_SEARCH_USER_PATHS = NO;
				CLANG_ANALYZER_NONNULL = YES;
				CLANG_ANALYZER_NUMBER_OBJECT_CONVERSION = YES_AGGRESSIVE;
				CLANG_CXX_LANGUAGE_STANDARD = "gnu++17";
				CLANG_ENABLE_MODULES = YES;
				CLANG_ENABLE_OBJC_ARC = YES;
				CLANG_ENABLE_OBJC_WEAK = YES;
				CLANG_WARN_BLOCK_CAPTURE_AUTORELEASING = YES;
				CLANG_WARN_BOOL_CONVERSION = YES;
				CLANG_WARN_COMMA = YES;
				CLANG_WARN_CONSTANT_CONVERSION = YES;
				CLANG_WARN_DEPRECATED_OBJC_IMPLEMENTATIONS = YES;
				CLANG_WARN_DIRECT_OBJC_ISA_USAGE = YES_ERROR;
				CLANG_WARN_DOCUMENTATION_COMMENTS = YES;
				CLANG_WARN_EMPTY_BODY = YES;
				CLANG_WARN_ENUM_CONVERSION = YES;
				CLANG_WARN_INFINITE_RECURSION = YES;
				CLANG_WARN_INT_CONVERSION = YES;
				CLANG_WARN_NON_LITERAL_NULL_CONVERSION = YES;
				CLANG_WARN_OBJC_IMPLICIT_RETAIN_SELF = YES;
				CLANG_WARN_OBJC_LITERAL_CONVERSION = YES;
				CLANG_WARN_OBJC_ROOT_CLASS = YES_ERROR;
				CLANG_WARN_QUOTED_INCLUDE_IN_FRAMEWORK_HEADER = YES;
				CLANG_WARN_RANGE_LOOP_ANALYSIS = YES;
				CLANG_WARN_STRICT_PROTOTYPES = YES;
				CLANG_WARN_SUSPICIOUS_MOVE = YES;
				CLANG_WARN_UNGUARDED_AVAILABILITY = YES_AGGRESSIVE;
				CLANG_WARN_UNREACHABLE_CODE = YES;
				CLANG_WARN__DUPLICATE_METHOD_MATCH = YES;
				COPY_PHASE_STRIP = NO;
				DEBUG_INFORMATION_FORMAT = "dwarf-with-dsym";
				ENABLE_NS_ASSERTIONS = NO;
				ENABLE_STRICT_OBJC_MSGSEND = YES;
				GCC_C_LANGUAGE_STANDARD = gnu11;
				GCC_NO_COMMON_BLOCKS = YES;
				GCC_WARN_64_TO_32_BIT_CONVERSION = YES;
				GCC_WARN_ABOUT_RETURN_TYPE = YES_ERROR;
				GCC_WARN_UNDECLARED_SELECTOR = YES;
				GCC_WARN_UNINITIALIZED_AUTOS = YES_AGGRESSIVE;
				GCC_WARN_UNUSED_FUNCTION = YES;
				GCC_WARN_UNUSED_VARIABLE = YES;
				IPHONEOS_DEPLOYMENT_TARGET = 15.0;
				MTL_ENABLE_DEBUG_INFO = NO;
				MTL_FAST_MATH = YES;
				SDKROOT = iphoneos;
				SWIFT_COMPILATION_MODE = wholemodule;
				SWIFT_OPTIMIZATION_LEVEL = "-O";
				VALIDATE_PRODUCT = YES;
			};
			name = Release;
		};
		A97AC52228E6E6C700C7FF09 /* Debug */ = {
			isa = XCBuildConfiguration;
			buildSettings = {
				ASSETCATALOG_COMPILER_APPICON_NAME = AppIcon;
				ASSETCATALOG_COMPILER_GLOBAL_ACCENT_COLOR_NAME = AccentColor;
				CODE_SIGN_STYLE = Automatic;
				CURRENT_PROJECT_VERSION = 1;
				DEVELOPMENT_ASSET_PATHS = "\"ToyMovieList/Preview Content\"";
				ENABLE_PREVIEWS = YES;
				GENERATE_INFOPLIST_FILE = YES;
				INFOPLIST_FILE = ToyMovieList/Info.plist;
				INFOPLIST_KEY_UIApplicationSceneManifest_Generation = YES;
				INFOPLIST_KEY_UIApplicationSupportsIndirectInputEvents = YES;
				INFOPLIST_KEY_UILaunchScreen_Generation = YES;
				INFOPLIST_KEY_UISupportedInterfaceOrientations = UIInterfaceOrientationPortrait;
				INFOPLIST_KEY_UISupportedInterfaceOrientations_iPad = "UIInterfaceOrientationPortrait UIInterfaceOrientationPortraitUpsideDown UIInterfaceOrientationLandscapeLeft UIInterfaceOrientationLandscapeRight";
				INFOPLIST_KEY_UISupportedInterfaceOrientations_iPhone = "UIInterfaceOrientationPortrait UIInterfaceOrientationLandscapeLeft UIInterfaceOrientationLandscapeRight";
				IPHONEOS_DEPLOYMENT_TARGET = 15.0;
				LD_RUNPATH_SEARCH_PATHS = (
					"$(inherited)",
					"@executable_path/Frameworks",
				);
				MARKETING_VERSION = 1.0;
				PRODUCT_BUNDLE_IDENTIFIER = com.ToyMovieList;
				PRODUCT_NAME = "$(TARGET_NAME)";
				SWIFT_EMIT_LOC_STRINGS = YES;
				SWIFT_VERSION = 5.0;
				TARGETED_DEVICE_FAMILY = 1;
			};
			name = Debug;
		};
		A97AC52328E6E6C700C7FF09 /* Release */ = {
			isa = XCBuildConfiguration;
			buildSettings = {
				ASSETCATALOG_COMPILER_APPICON_NAME = AppIcon;
				ASSETCATALOG_COMPILER_GLOBAL_ACCENT_COLOR_NAME = AccentColor;
				CODE_SIGN_STYLE = Automatic;
				CURRENT_PROJECT_VERSION = 1;
				DEVELOPMENT_ASSET_PATHS = "\"ToyMovieList/Preview Content\"";
				ENABLE_PREVIEWS = YES;
				GENERATE_INFOPLIST_FILE = YES;
				INFOPLIST_FILE = ToyMovieList/Info.plist;
				INFOPLIST_KEY_UIApplicationSceneManifest_Generation = YES;
				INFOPLIST_KEY_UIApplicationSupportsIndirectInputEvents = YES;
				INFOPLIST_KEY_UILaunchScreen_Generation = YES;
				INFOPLIST_KEY_UISupportedInterfaceOrientations = UIInterfaceOrientationPortrait;
				INFOPLIST_KEY_UISupportedInterfaceOrientations_iPad = "UIInterfaceOrientationPortrait UIInterfaceOrientationPortraitUpsideDown UIInterfaceOrientationLandscapeLeft UIInterfaceOrientationLandscapeRight";
				INFOPLIST_KEY_UISupportedInterfaceOrientations_iPhone = "UIInterfaceOrientationPortrait UIInterfaceOrientationLandscapeLeft UIInterfaceOrientationLandscapeRight";
				IPHONEOS_DEPLOYMENT_TARGET = 15.0;
				LD_RUNPATH_SEARCH_PATHS = (
					"$(inherited)",
					"@executable_path/Frameworks",
				);
				MARKETING_VERSION = 1.0;
				PRODUCT_BUNDLE_IDENTIFIER = com.ToyMovieList;
				PRODUCT_NAME = "$(TARGET_NAME)";
				SWIFT_EMIT_LOC_STRINGS = YES;
				SWIFT_VERSION = 5.0;
				TARGETED_DEVICE_FAMILY = 1;
			};
			name = Release;
		};
		A97AC52528E6E6C700C7FF09 /* Debug */ = {
			isa = XCBuildConfiguration;
			buildSettings = {
				ALWAYS_EMBED_SWIFT_STANDARD_LIBRARIES = YES;
				BUNDLE_LOADER = "$(TEST_HOST)";
				CLANG_ENABLE_MODULES = YES;
				CODE_SIGN_STYLE = Automatic;
				CURRENT_PROJECT_VERSION = 1;
				GENERATE_INFOPLIST_FILE = YES;
				IPHONEOS_DEPLOYMENT_TARGET = 15.0;
				LD_RUNPATH_SEARCH_PATHS = (
					"$(inherited)",
					"@executable_path/Frameworks",
					"@loader_path/Frameworks",
				);
				MARKETING_VERSION = 1.0;
				PRODUCT_BUNDLE_IDENTIFIER = com.ToyMovieListTests;
				PRODUCT_NAME = "$(TARGET_NAME)";
				SWIFT_EMIT_LOC_STRINGS = NO;
				SWIFT_OPTIMIZATION_LEVEL = "-Onone";
				SWIFT_VERSION = 5.0;
				TARGETED_DEVICE_FAMILY = "1,2";
				TEST_HOST = "$(BUILT_PRODUCTS_DIR)/ToyMovieList.app/ToyMovieList";
			};
			name = Debug;
		};
		A97AC52628E6E6C700C7FF09 /* Release */ = {
			isa = XCBuildConfiguration;
			buildSettings = {
				ALWAYS_EMBED_SWIFT_STANDARD_LIBRARIES = YES;
				BUNDLE_LOADER = "$(TEST_HOST)";
				CLANG_ENABLE_MODULES = YES;
				CODE_SIGN_STYLE = Automatic;
				CURRENT_PROJECT_VERSION = 1;
				GENERATE_INFOPLIST_FILE = YES;
				IPHONEOS_DEPLOYMENT_TARGET = 15.0;
				LD_RUNPATH_SEARCH_PATHS = (
					"$(inherited)",
					"@executable_path/Frameworks",
					"@loader_path/Frameworks",
				);
				MARKETING_VERSION = 1.0;
				PRODUCT_BUNDLE_IDENTIFIER = com.ToyMovieListTests;
				PRODUCT_NAME = "$(TARGET_NAME)";
				SWIFT_EMIT_LOC_STRINGS = NO;
				SWIFT_VERSION = 5.0;
				TARGETED_DEVICE_FAMILY = "1,2";
				TEST_HOST = "$(BUILT_PRODUCTS_DIR)/ToyMovieList.app/ToyMovieList";
			};
			name = Release;
		};
/* End XCBuildConfiguration section */

/* Begin XCConfigurationList section */
		A97AC4F828E6E6C500C7FF09 /* Build configuration list for PBXProject "ToyMovieList" */ = {
			isa = XCConfigurationList;
			buildConfigurations = (
				A97AC51F28E6E6C700C7FF09 /* Debug */,
				A97AC52028E6E6C700C7FF09 /* Release */,
			);
			defaultConfigurationIsVisible = 0;
			defaultConfigurationName = Release;
		};
		A97AC52128E6E6C700C7FF09 /* Build configuration list for PBXNativeTarget "ToyMovieList" */ = {
			isa = XCConfigurationList;
			buildConfigurations = (
				A97AC52228E6E6C700C7FF09 /* Debug */,
				A97AC52328E6E6C700C7FF09 /* Release */,
			);
			defaultConfigurationIsVisible = 0;
			defaultConfigurationName = Release;
		};
		A97AC52428E6E6C700C7FF09 /* Build configuration list for PBXNativeTarget "ToyMovieListTests" */ = {
			isa = XCConfigurationList;
			buildConfigurations = (
				A97AC52528E6E6C700C7FF09 /* Debug */,
				A97AC52628E6E6C700C7FF09 /* Release */,
			);
			defaultConfigurationIsVisible = 0;
			defaultConfigurationName = Release;
		};
/* End XCConfigurationList section */
	};
	rootObject = A97AC4F528E6E6C500C7FF09 /* Project object */;
}
